// !$*UTF8*$!
{
	archiveVersion = 1;
	classes = {
	};
	objectVersion = 56;
	objects = {

/* Begin PBXBuildFile section */
		C234951E2959A98300466057 /* AppDelegate.swift in Sources */ = {isa = PBXBuildFile; fileRef = C234951D2959A98300466057 /* AppDelegate.swift */; };
		C23495202959A98300466057 /* ViewController.swift in Sources */ = {isa = PBXBuildFile; fileRef = C234951F2959A98300466057 /* ViewController.swift */; };
		C23495222959A98300466057 /* Assets.xcassets in Resources */ = {isa = PBXBuildFile; fileRef = C23495212959A98300466057 /* Assets.xcassets */; };
		C23495252959A98300466057 /* Main.storyboard in Resources */ = {isa = PBXBuildFile; fileRef = C23495232959A98300466057 /* Main.storyboard */; };
		C234952D2959AB6D00466057 /* SCEDoormat_NoME in Resources */ = {isa = PBXBuildFile; fileRef = C234952C2959AB6D00466057 /* SCEDoormat_NoME */; };
		C23495312959B1DC00466057 /* KRYPTO(All).KHN in Resources */ = {isa = PBXBuildFile; fileRef = C234952E2959B1DC00466057 /* KRYPTO(All).KHN */; };
		C23495322959B1DC00466057 /* KRYPTO(PSX).KHN in Resources */ = {isa = PBXBuildFile; fileRef = C234952F2959B1DC00466057 /* KRYPTO(PSX).KHN */; };
		C23495332959B1DC00466057 /* KRYPTO(CEX).KHN in Resources */ = {isa = PBXBuildFile; fileRef = C23495302959B1DC00466057 /* KRYPTO(CEX).KHN */; };
/* End PBXBuildFile section */

/* Begin PBXFileReference section */
		C234951A2959A98300466057 /* WrapELF.app */ = {isa = PBXFileReference; explicitFileType = wrapper.application; includeInIndex = 0; path = WrapELF.app; sourceTree = BUILT_PRODUCTS_DIR; };
		C234951D2959A98300466057 /* AppDelegate.swift */ = {isa = PBXFileReference; lastKnownFileType = sourcecode.swift; path = AppDelegate.swift; sourceTree = "<group>"; };
		C234951F2959A98300466057 /* ViewController.swift */ = {isa = PBXFileReference; lastKnownFileType = sourcecode.swift; path = ViewController.swift; sourceTree = "<group>"; };
		C23495212959A98300466057 /* Assets.xcassets */ = {isa = PBXFileReference; lastKnownFileType = folder.assetcatalog; path = Assets.xcassets; sourceTree = "<group>"; };
		C23495242959A98300466057 /* Base */ = {isa = PBXFileReference; lastKnownFileType = file.storyboard; name = Base; path = Base.lproj/Main.storyboard; sourceTree = "<group>"; };
		C234952C2959AB6D00466057 /* SCEDoormat_NoME */ = {isa = PBXFileReference; lastKnownFileType = "compiled.mach-o.executable"; name = SCEDoormat_NoME; path = ../../SCEDoormat_NoME; sourceTree = "<group>"; };
		C234952E2959B1DC00466057 /* KRYPTO(All).KHN */ = {isa = PBXFileReference; lastKnownFileType = file; name = "KRYPTO(All).KHN"; path = "../../KRYPTO(All).KHN"; sourceTree = "<group>"; };
		C234952F2959B1DC00466057 /* KRYPTO(PSX).KHN */ = {isa = PBXFileReference; lastKnownFileType = file; name = "KRYPTO(PSX).KHN"; path = "../../KRYPTO(PSX).KHN"; sourceTree = "<group>"; };
		C23495302959B1DC00466057 /* KRYPTO(CEX).KHN */ = {isa = PBXFileReference; lastKnownFileType = file; name = "KRYPTO(CEX).KHN"; path = "../../KRYPTO(CEX).KHN"; sourceTree = "<group>"; };
/* End PBXFileReference section */

/* Begin PBXFrameworksBuildPhase section */
		C23495172959A98300466057 /* Frameworks */ = {
			isa = PBXFrameworksBuildPhase;
			buildActionMask = 2147483647;
			files = (
			);
			runOnlyForDeploymentPostprocessing = 0;
		};
/* End PBXFrameworksBuildPhase section */

/* Begin PBXGroup section */
		C23495112959A98200466057 = {
			isa = PBXGroup;
			children = (
				C234951C2959A98300466057 /* WrapELF */,
				C234951B2959A98300466057 /* Products */,
			);
			sourceTree = "<group>";
		};
		C234951B2959A98300466057 /* Products */ = {
			isa = PBXGroup;
			children = (
				C234951A2959A98300466057 /* WrapELF.app */,
			);
			name = Products;
			sourceTree = "<group>";
		};
		C234951C2959A98300466057 /* WrapELF */ = {
			isa = PBXGroup;
			children = (
				C234952E2959B1DC00466057 /* KRYPTO(All).KHN */,
				C23495302959B1DC00466057 /* KRYPTO(CEX).KHN */,
				C234952F2959B1DC00466057 /* KRYPTO(PSX).KHN */,
				C234952C2959AB6D00466057 /* SCEDoormat_NoME */,
				C234951D2959A98300466057 /* AppDelegate.swift */,
				C234951F2959A98300466057 /* ViewController.swift */,
				C23495212959A98300466057 /* Assets.xcassets */,
				C23495232959A98300466057 /* Main.storyboard */,
			);
			path = WrapELF;
			sourceTree = "<group>";
		};
/* End PBXGroup section */

/* Begin PBXNativeTarget section */
		C23495192959A98300466057 /* WrapELF */ = {
			isa = PBXNativeTarget;
			buildConfigurationList = C23495292959A98300466057 /* Build configuration list for PBXNativeTarget "WrapELF" */;
			buildPhases = (
				C23495162959A98300466057 /* Sources */,
				C23495172959A98300466057 /* Frameworks */,
				C23495182959A98300466057 /* Resources */,
			);
			buildRules = (
			);
			dependencies = (
			);
			name = WrapELF;
			productName = SignELF;
			productReference = C234951A2959A98300466057 /* WrapELF.app */;
			productType = "com.apple.product-type.application";
		};
/* End PBXNativeTarget section */

/* Begin PBXProject section */
		C23495122959A98200466057 /* Project object */ = {
			isa = PBXProject;
			attributes = {
				BuildIndependentTargetsInParallel = 1;
				LastSwiftUpdateCheck = 1420;
				LastUpgradeCheck = 1420;
				TargetAttributes = {
					C23495192959A98300466057 = {
						CreatedOnToolsVersion = 14.2;
					};
				};
			};
			buildConfigurationList = C23495152959A98200466057 /* Build configuration list for PBXProject "WrapELF" */;
			compatibilityVersion = "Xcode 14.0";
			developmentRegion = en;
			hasScannedForEncodings = 0;
			knownRegions = (
				en,
				Base,
			);
			mainGroup = C23495112959A98200466057;
			productRefGroup = C234951B2959A98300466057 /* Products */;
			projectDirPath = "";
			projectRoot = "";
			targets = (
				C23495192959A98300466057 /* WrapELF */,
			);
		};
/* End PBXProject section */

/* Begin PBXResourcesBuildPhase section */
		C23495182959A98300466057 /* Resources */ = {
			isa = PBXResourcesBuildPhase;
			buildActionMask = 2147483647;
			files = (
				C234952D2959AB6D00466057 /* SCEDoormat_NoME in Resources */,
				C23495312959B1DC00466057 /* KRYPTO(All).KHN in Resources */,
				C23495332959B1DC00466057 /* KRYPTO(CEX).KHN in Resources */,
				C23495322959B1DC00466057 /* KRYPTO(PSX).KHN in Resources */,
				C23495222959A98300466057 /* Assets.xcassets in Resources */,
				C23495252959A98300466057 /* Main.storyboard in Resources */,
			);
			runOnlyForDeploymentPostprocessing = 0;
		};
/* End PBXResourcesBuildPhase section */

/* Begin PBXSourcesBuildPhase section */
		C23495162959A98300466057 /* Sources */ = {
			isa = PBXSourcesBuildPhase;
			buildActionMask = 2147483647;
			files = (
				C23495202959A98300466057 /* ViewController.swift in Sources */,
				C234951E2959A98300466057 /* AppDelegate.swift in Sources */,
			);
			runOnlyForDeploymentPostprocessing = 0;
		};
/* End PBXSourcesBuildPhase section */

/* Begin PBXVariantGroup section */
		C23495232959A98300466057 /* Main.storyboard */ = {
			isa = PBXVariantGroup;
			children = (
				C23495242959A98300466057 /* Base */,
			);
			name = Main.storyboard;
			sourceTree = "<group>";
		};
/* End PBXVariantGroup section */

/* Begin XCBuildConfiguration section */
		C23495272959A98300466057 /* Debug */ = {
			isa = XCBuildConfiguration;
			buildSettings = {
				ALWAYS_SEARCH_USER_PATHS = NO;
				CLANG_ANALYZER_NONNULL = YES;
				CLANG_ANALYZER_NUMBER_OBJECT_CONVERSION = YES_AGGRESSIVE;
				CLANG_CXX_LANGUAGE_STANDARD = "gnu++20";
				CLANG_ENABLE_MODULES = YES;
				CLANG_ENABLE_OBJC_ARC = YES;
				CLANG_ENABLE_OBJC_WEAK = YES;
				CLANG_WARN_BLOCK_CAPTURE_AUTORELEASING = YES;
				CLANG_WARN_BOOL_CONVERSION = YES;
				CLANG_WARN_COMMA = YES;
				CLANG_WARN_CONSTANT_CONVERSION = YES;
				CLANG_WARN_DEPRECATED_OBJC_IMPLEMENTATIONS = YES;
				CLANG_WARN_DIRECT_OBJC_ISA_USAGE = YES_ERROR;
				CLANG_WARN_DOCUMENTATION_COMMENTS = YES;
				CLANG_WARN_EMPTY_BODY = YES;
				CLANG_WARN_ENUM_CONVERSION = YES;
				CLANG_WARN_INFINITE_RECURSION = YES;
				CLANG_WARN_INT_CONVERSION = YES;
				CLANG_WARN_NON_LITERAL_NULL_CONVERSION = YES;
				CLANG_WARN_OBJC_IMPLICIT_RETAIN_SELF = YES;
				CLANG_WARN_OBJC_LITERAL_CONVERSION = YES;
				CLANG_WARN_OBJC_ROOT_CLASS = YES_ERROR;
				CLANG_WARN_QUOTED_INCLUDE_IN_FRAMEWORK_HEADER = YES;
				CLANG_WARN_RANGE_LOOP_ANALYSIS = YES;
				CLANG_WARN_STRICT_PROTOTYPES = YES;
				CLANG_WARN_SUSPICIOUS_MOVE = YES;
				CLANG_WARN_UNGUARDED_AVAILABILITY = YES_AGGRESSIVE;
				CLANG_WARN_UNREACHABLE_CODE = YES;
				CLANG_WARN__DUPLICATE_METHOD_MATCH = YES;
				COPY_PHASE_STRIP = NO;
				DEBUG_INFORMATION_FORMAT = dwarf;
				ENABLE_STRICT_OBJC_MSGSEND = YES;
				ENABLE_TESTABILITY = YES;
				GCC_C_LANGUAGE_STANDARD = gnu11;
				GCC_DYNAMIC_NO_PIC = NO;
				GCC_NO_COMMON_BLOCKS = YES;
				GCC_OPTIMIZATION_LEVEL = 0;
				GCC_PREPROCESSOR_DEFINITIONS = (
					"DEBUG=1",
					"$(inherited)",
				);
				GCC_WARN_64_TO_32_BIT_CONVERSION = YES;
				GCC_WARN_ABOUT_RETURN_TYPE = YES_ERROR;
				GCC_WARN_UNDECLARED_SELECTOR = YES;
				GCC_WARN_UNINITIALIZED_AUTOS = YES_AGGRESSIVE;
				GCC_WARN_UNUSED_FUNCTION = YES;
				GCC_WARN_UNUSED_VARIABLE = YES;
				MACOSX_DEPLOYMENT_TARGET = 11.0;
				MTL_ENABLE_DEBUG_INFO = INCLUDE_SOURCE;
				MTL_FAST_MATH = YES;
				ONLY_ACTIVE_ARCH = YES;
				SDKROOT = macosx;
				SWIFT_ACTIVE_COMPILATION_CONDITIONS = DEBUG;
				SWIFT_OPTIMIZATION_LEVEL = "-Onone";
			};
			name = Debug;
		};
		C23495282959A98300466057 /* Release */ = {
			isa = XCBuildConfiguration;
			buildSettings = {
				ALWAYS_SEARCH_USER_PATHS = NO;
				CLANG_ANALYZER_NONNULL = YES;
				CLANG_ANALYZER_NUMBER_OBJECT_CONVERSION = YES_AGGRESSIVE;
				CLANG_CXX_LANGUAGE_STANDARD = "gnu++20";
				CLANG_ENABLE_MODULES = YES;
				CLANG_ENABLE_OBJC_ARC = YES;
				CLANG_ENABLE_OBJC_WEAK = YES;
				CLANG_WARN_BLOCK_CAPTURE_AUTORELEASING = YES;
				CLANG_WARN_BOOL_CONVERSION = YES;
				CLANG_WARN_COMMA = YES;
				CLANG_WARN_CONSTANT_CONVERSION = YES;
				CLANG_WARN_DEPRECATED_OBJC_IMPLEMENTATIONS = YES;
				CLANG_WARN_DIRECT_OBJC_ISA_USAGE = YES_ERROR;
				CLANG_WARN_DOCUMENTATION_COMMENTS = YES;
				CLANG_WARN_EMPTY_BODY = YES;
				CLANG_WARN_ENUM_CONVERSION = YES;
				CLANG_WARN_INFINITE_RECURSION = YES;
				CLANG_WARN_INT_CONVERSION = YES;
				CLANG_WARN_NON_LITERAL_NULL_CONVERSION = YES;
				CLANG_WARN_OBJC_IMPLICIT_RETAIN_SELF = YES;
				CLANG_WARN_OBJC_LITERAL_CONVERSION = YES;
				CLANG_WARN_OBJC_ROOT_CLASS = YES_ERROR;
				CLANG_WARN_QUOTED_INCLUDE_IN_FRAMEWORK_HEADER = YES;
				CLANG_WARN_RANGE_LOOP_ANALYSIS = YES;
				CLANG_WARN_STRICT_PROTOTYPES = YES;
				CLANG_WARN_SUSPICIOUS_MOVE = YES;
				CLANG_WARN_UNGUARDED_AVAILABILITY = YES_AGGRESSIVE;
				CLANG_WARN_UNREACHABLE_CODE = YES;
				CLANG_WARN__DUPLICATE_METHOD_MATCH = YES;
				COPY_PHASE_STRIP = NO;
				DEBUG_INFORMATION_FORMAT = "dwarf-with-dsym";
				ENABLE_NS_ASSERTIONS = NO;
				ENABLE_STRICT_OBJC_MSGSEND = YES;
				GCC_C_LANGUAGE_STANDARD = gnu11;
				GCC_NO_COMMON_BLOCKS = YES;
				GCC_WARN_64_TO_32_BIT_CONVERSION = YES;
				GCC_WARN_ABOUT_RETURN_TYPE = YES_ERROR;
				GCC_WARN_UNDECLARED_SELECTOR = YES;
				GCC_WARN_UNINITIALIZED_AUTOS = YES_AGGRESSIVE;
				GCC_WARN_UNUSED_FUNCTION = YES;
				GCC_WARN_UNUSED_VARIABLE = YES;
				MACOSX_DEPLOYMENT_TARGET = 11.0;
				MTL_ENABLE_DEBUG_INFO = NO;
				MTL_FAST_MATH = YES;
				SDKROOT = macosx;
				SWIFT_COMPILATION_MODE = wholemodule;
				SWIFT_OPTIMIZATION_LEVEL = "-O";
			};
			name = Release;
		};
		C234952A2959A98300466057 /* Debug */ = {
			isa = XCBuildConfiguration;
			buildSettings = {
				ASSETCATALOG_COMPILER_APPICON_NAME = AppIcon;
				ASSETCATALOG_COMPILER_GLOBAL_ACCENT_COLOR_NAME = AccentColor;
				CODE_SIGN_IDENTITY = "Apple Development";
				"CODE_SIGN_IDENTITY[sdk=macosx*]" = "-";
				CODE_SIGN_INJECT_BASE_ENTITLEMENTS = NO;
				CODE_SIGN_STYLE = Automatic;
				COMBINE_HIDPI_IMAGES = YES;
				CURRENT_PROJECT_VERSION = 1;
				DEVELOPMENT_TEAM = "";
				GENERATE_INFOPLIST_FILE = YES;
				INFOPLIST_FILE = "";
				INFOPLIST_KEY_LSApplicationCategoryType = "public.app-category.utilities";
				INFOPLIST_KEY_NSHumanReadableCopyright = "";
				INFOPLIST_KEY_NSMainStoryboardFile = Main;
				INFOPLIST_KEY_NSPrincipalClass = NSApplication;
				LD_RUNPATH_SEARCH_PATHS = (
					"$(inherited)",
					"@executable_path/../Frameworks",
				);
				MACOSX_DEPLOYMENT_TARGET = 11.0;
				MARKETING_VERSION = 1.0;
				PRODUCT_BUNDLE_IDENTIFIER = svengdk.WrapELF;
				PRODUCT_NAME = "$(TARGET_NAME)";
				PROVISIONING_PROFILE_SPECIFIER = "";
				SWIFT_EMIT_LOC_STRINGS = YES;
				SWIFT_VERSION = 5.0;
			};
			name = Debug;
		};
		C234952B2959A98300466057 /* Release */ = {
			isa = XCBuildConfiguration;
			buildSettings = {
				ASSETCATALOG_COMPILER_APPICON_NAME = AppIcon;
				ASSETCATALOG_COMPILER_GLOBAL_ACCENT_COLOR_NAME = AccentColor;
				CODE_SIGN_IDENTITY = "Apple Development";
				"CODE_SIGN_IDENTITY[sdk=macosx*]" = "-";
				CODE_SIGN_INJECT_BASE_ENTITLEMENTS = NO;
				CODE_SIGN_STYLE = Automatic;
				COMBINE_HIDPI_IMAGES = YES;
				CURRENT_PROJECT_VERSION = 1;
				DEVELOPMENT_TEAM = "";
				GENERATE_INFOPLIST_FILE = YES;
				INFOPLIST_FILE = "";
				INFOPLIST_KEY_LSApplicationCategoryType = "public.app-category.utilities";
				INFOPLIST_KEY_NSHumanReadableCopyright = "";
				INFOPLIST_KEY_NSMainStoryboardFile = Main;
				INFOPLIST_KEY_NSPrincipalClass = NSApplication;
				LD_RUNPATH_SEARCH_PATHS = (
					"$(inherited)",
					"@executable_path/../Frameworks",
				);
				MACOSX_DEPLOYMENT_TARGET = 11.0;
				MARKETING_VERSION = 1.0;
				PRODUCT_BUNDLE_IDENTIFIER = svengdk.WrapELF;
				PRODUCT_NAME = "$(TARGET_NAME)";
				PROVISIONING_PROFILE_SPECIFIER = "";
				SWIFT_EMIT_LOC_STRINGS = YES;
				SWIFT_VERSION = 5.0;
			};
			name = Release;
		};
/* End XCBuildConfiguration section */

/* Begin XCConfigurationList section */
		C23495152959A98200466057 /* Build configuration list for PBXProject "WrapELF" */ = {
			isa = XCConfigurationList;
			buildConfigurations = (
				C23495272959A98300466057 /* Debug */,
				C23495282959A98300466057 /* Release */,
			);
			defaultConfigurationIsVisible = 0;
			defaultConfigurationName = Release;
		};
		C23495292959A98300466057 /* Build configuration list for PBXNativeTarget "WrapELF" */ = {
			isa = XCConfigurationList;
			buildConfigurations = (
				C234952A2959A98300466057 /* Debug */,
				C234952B2959A98300466057 /* Release */,
			);
			defaultConfigurationIsVisible = 0;
			defaultConfigurationName = Release;
		};
/* End XCConfigurationList section */
	};
	rootObject = C23495122959A98200466057 /* Project object */;
}
